
Microsoft Visual Studio Solution File, Format Version 12.00
# Visual Studio Version 16
VisualStudioVersion = 16.0.31005.135
MinimumVisualStudioVersion = 10.0.40219.1
Project("{FAE04EC0-301F-11D3-BF4B-00C04F79EFBC}") = "MusicZone4", "MusicZone4.csproj", "{BFC76FFF-6995-4C83-B06B-3B8A773DB10F}"
EndProject
Global
	GlobalSection(SolutionConfigurationPlatforms) = preSolution
		Debug|Any CPU = Debug|Any CPU
		Release|Any CPU = Release|Any CPU
	EndGlobalSection
	GlobalSection(ProjectConfigurationPlatforms) = postSolution
		{BFC76FFF-6995-4C83-B06B-3B8A773DB10F}.Debug|Any CPU.ActiveCfg = Debug|Any CPU
		{BFC76FFF-6995-4C83-B06B-3B8A773DB10F}.Debug|Any CPU.Build.0 = Debug|Any CPU
		{BFC76FFF-6995-4C83-B06B-3B8A773DB10F}.Release|Any CPU.ActiveCfg = Release|Any CPU
		{BFC76FFF-6995-4C83-B06B-3B8A773DB10F}.Release|Any CPU.Build.0 = Release|Any CPU
	EndGlobalSection
	GlobalSection(SolutionProperties) = preSolution
		HideSolutionNode = FALSE
	EndGlobalSection
	GlobalSection(ExtensibilityGlobals) = postSolution
		SolutionGuid = {D8F08DE2-8ADF-42D5-971B-B9F16F1610AD}
	EndGlobalSection
EndGlobal
